
Microsoft Visual Studio Solution File, Format Version 12.00
# Visual Studio Version 17
VisualStudioVersion = 17.11.35222.181
MinimumVisualStudioVersion = 10.0.40219.1
Project("{FAE04EC0-301F-11D3-BF4B-00C04F79EFBC}") = "Componentes", "Componentes.csproj", "{97EF3E94-FA65-4004-8F7A-9BD896B8FC23}"
EndProject
Global
	GlobalSection(SolutionConfigurationPlatforms) = preSolution
		Debug|Any CPU = Debug|Any CPU
		Release|Any CPU = Release|Any CPU
	EndGlobalSection
	GlobalSection(ProjectConfigurationPlatforms) = postSolution
		{97EF3E94-FA65-4004-8F7A-9BD896B8FC23}.Debug|Any CPU.ActiveCfg = Debug|Any CPU
		{97EF3E94-FA65-4004-8F7A-9BD896B8FC23}.Debug|Any CPU.Build.0 = Debug|Any CPU
		{97EF3E94-FA65-4004-8F7A-9BD896B8FC23}.Release|Any CPU.ActiveCfg = Release|Any CPU
		{97EF3E94-FA65-4004-8F7A-9BD896B8FC23}.Release|Any CPU.Build.0 = Release|Any CPU
	EndGlobalSection
	GlobalSection(SolutionProperties) = preSolution
		HideSolutionNode = FALSE
	EndGlobalSection
	GlobalSection(ExtensibilityGlobals) = postSolution
		SolutionGuid = {809D1482-CF01-4676-938D-AA2685528759}
	EndGlobalSection
EndGlobal
